
Microsoft Visual Studio Solution File, Format Version 12.00
# Visual Studio Version 17
VisualStudioVersion = 17.0.31903.59
MinimumVisualStudioVersion = 10.0.40219.1
Project("{2150E333-8FDC-42A3-9474-1A3956D46DE8}") = "src", "src", "{827E0CD3-B72D-47B6-A68D-7590B98EB39B}"
EndProject
Project("{FAE04EC0-301F-11D3-BF4B-00C04F79EFBC}") = "VLXD.Host", "src\VLXD.Host\VLXD.Host.csproj", "{9088B2BF-3AF7-45AC-86E0-257CF7F0C7E1}"
EndProject
Project("{FAE04EC0-301F-11D3-BF4B-00C04F79EFBC}") = "VLXD.SharedKernel", "src\VLXD.SharedKernel\VLXD.SharedKernel.csproj", "{4DC618D2-599D-42E1-85A1-CF3D47677BE2}"
EndProject
Project("{2150E333-8FDC-42A3-9474-1A3956D46DE8}") = "Modules", "Modules", "{EC447DCF-ABFA-6E24-52A5-D7FD48A5C558}"
EndProject
Project("{FAE04EC0-301F-11D3-BF4B-00C04F79EFBC}") = "VLXD.Modules.Catalog", "src\Modules\VLXD.Modules.Catalog\VLXD.Modules.Catalog.csproj", "{D3807D40-9985-4E2F-8A4D-C6DA6666E2D7}"
EndProject
Project("{FAE04EC0-301F-11D3-BF4B-00C04F79EFBC}") = "VLXD.Modules.Sales", "src\Modules\VLXD.Modules.Sales\VLXD.Modules.Sales.csproj", "{356BD31A-E4AA-4B50-A8CB-EC3DBB2F8A45}"
EndProject
Project("{FAE04EC0-301F-11D3-BF4B-00C04F79EFBC}") = "VLXD.Modules.WMS", "src\Modules\VLXD.Modules.WMS\VLXD.Modules.WMS.csproj", "{F5E9CFDC-4F13-4F6E-825F-1002A2353FF7}"
EndProject
Project("{FAE04EC0-301F-11D3-BF4B-00C04F79EFBC}") = "VLXD.Modules.AI", "src\Modules\VLXD.Modules.AI\VLXD.Modules.AI.csproj", "{C90F21E7-24ED-470F-8B43-12032A4F10A1}"
EndProject
Project("{2150E333-8FDC-42A3-9474-1A3956D46DE8}") = "tests", "tests", "{0AB3BF05-4346-4AA6-1389-037BE0695223}"
EndProject
Project("{FAE04EC0-301F-11D3-BF4B-00C04F79EFBC}") = "VLXD.Modules.Catalog.Tests", "tests\VLXD.Modules.Catalog.Tests\VLXD.Modules.Catalog.Tests.csproj", "{01A174B2-0F55-4C10-9108-213CDCCD75AD}"
EndProject
Project("{FAE04EC0-301F-11D3-BF4B-00C04F79EFBC}") = "VLXD.Modules.Sales.Tests", "tests\VLXD.Modules.Sales.Tests\VLXD.Modules.Sales.Tests.csproj", "{67A944D0-1F45-487C-AE69-F050C63BBDD9}"
EndProject
Project("{FAE04EC0-301F-11D3-BF4B-00C04F79EFBC}") = "VLXD.Modules.WMS.Tests", "tests\VLXD.Modules.WMS.Tests\VLXD.Modules.WMS.Tests.csproj", "{B78549C5-A6E8-4716-A49D-982D4631F027}"
EndProject
Project("{FAE04EC0-301F-11D3-BF4B-00C04F79EFBC}") = "VLXD.Modules.AI.Tests", "tests\VLXD.Modules.AI.Tests\VLXD.Modules.AI.Tests.csproj", "{2CA54443-1C0D-4446-B359-427652F67157}"
EndProject
Global
	GlobalSection(SolutionConfigurationPlatforms) = preSolution
		Debug|Any CPU = Debug|Any CPU
		Debug|x64 = Debug|x64
		Debug|x86 = Debug|x86
		Release|Any CPU = Release|Any CPU
		Release|x64 = Release|x64
		Release|x86 = Release|x86
	EndGlobalSection
	GlobalSection(ProjectConfigurationPlatforms) = postSolution
		{9088B2BF-3AF7-45AC-86E0-257CF7F0C7E1}.Debug|Any CPU.ActiveCfg = Debug|Any CPU
		{9088B2BF-3AF7-45AC-86E0-257CF7F0C7E1}.Debug|Any CPU.Build.0 = Debug|Any CPU
		{9088B2BF-3AF7-45AC-86E0-257CF7F0C7E1}.Debug|x64.ActiveCfg = Debug|Any CPU
		{9088B2BF-3AF7-45AC-86E0-257CF7F0C7E1}.Debug|x64.Build.0 = Debug|Any CPU
		{9088B2BF-3AF7-45AC-86E0-257CF7F0C7E1}.Debug|x86.ActiveCfg = Debug|Any CPU
		{9088B2BF-3AF7-45AC-86E0-257CF7F0C7E1}.Debug|x86.Build.0 = Debug|Any CPU
		{9088B2BF-3AF7-45AC-86E0-257CF7F0C7E1}.Release|Any CPU.ActiveCfg = Release|Any CPU
		{9088B2BF-3AF7-45AC-86E0-257CF7F0C7E1}.Release|Any CPU.Build.0 = Release|Any CPU
		{9088B2BF-3AF7-45AC-86E0-257CF7F0C7E1}.Release|x64.ActiveCfg = Release|Any CPU
		{9088B2BF-3AF7-45AC-86E0-257CF7F0C7E1}.Release|x64.Build.0 = Release|Any CPU
		{9088B2BF-3AF7-45AC-86E0-257CF7F0C7E1}.Release|x86.ActiveCfg = Release|Any CPU
		{9088B2BF-3AF7-45AC-86E0-257CF7F0C7E1}.Release|x86.Build.0 = Release|Any CPU
		{4DC618D2-599D-42E1-85A1-CF3D47677BE2}.Debug|Any CPU.ActiveCfg = Debug|Any CPU
		{4DC618D2-599D-42E1-85A1-CF3D47677BE2}.Debug|Any CPU.Build.0 = Debug|Any CPU
		{4DC618D2-599D-42E1-85A1-CF3D47677BE2}.Debug|x64.ActiveCfg = Debug|Any CPU
		{4DC618D2-599D-42E1-85A1-CF3D47677BE2}.Debug|x64.Build.0 = Debug|Any CPU
		{4DC618D2-599D-42E1-85A1-CF3D47677BE2}.Debug|x86.ActiveCfg = Debug|Any CPU
		{4DC618D2-599D-42E1-85A1-CF3D47677BE2}.Debug|x86.Build.0 = Debug|Any CPU
		{4DC618D2-599D-42E1-85A1-CF3D47677BE2}.Release|Any CPU.ActiveCfg = Release|Any CPU
		{4DC618D2-599D-42E1-85A1-CF3D47677BE2}.Release|Any CPU.Build.0 = Release|Any CPU
		{4DC618D2-599D-42E1-85A1-CF3D47677BE2}.Release|x64.ActiveCfg = Release|Any CPU
		{4DC618D2-599D-42E1-85A1-CF3D47677BE2}.Release|x64.Build.0 = Release|Any CPU
		{4DC618D2-599D-42E1-85A1-CF3D47677BE2}.Release|x86.ActiveCfg = Release|Any CPU
		{4DC618D2-599D-42E1-85A1-CF3D47677BE2}.Release|x86.Build.0 = Release|Any CPU
		{D3807D40-9985-4E2F-8A4D-C6DA6666E2D7}.Debug|Any CPU.ActiveCfg = Debug|Any CPU
		{D3807D40-9985-4E2F-8A4D-C6DA6666E2D7}.Debug|Any CPU.Build.0 = Debug|Any CPU
		{D3807D40-9985-4E2F-8A4D-C6DA6666E2D7}.Debug|x64.ActiveCfg = Debug|Any CPU
		{D3807D40-9985-4E2F-8A4D-C6DA6666E2D7}.Debug|x64.Build.0 = Debug|Any CPU
		{D3807D40-9985-4E2F-8A4D-C6DA6666E2D7}.Debug|x86.ActiveCfg = Debug|Any CPU
		{D3807D40-9985-4E2F-8A4D-C6DA6666E2D7}.Debug|x86.Build.0 = Debug|Any CPU
		{D3807D40-9985-4E2F-8A4D-C6DA6666E2D7}.Release|Any CPU.ActiveCfg = Release|Any CPU
		{D3807D40-9985-4E2F-8A4D-C6DA6666E2D7}.Release|Any CPU.Build.0 = Release|Any CPU
		{D3807D40-9985-4E2F-8A4D-C6DA6666E2D7}.Release|x64.ActiveCfg = Release|Any CPU
		{D3807D40-9985-4E2F-8A4D-C6DA6666E2D7}.Release|x64.Build.0 = Release|Any CPU
		{D3807D40-9985-4E2F-8A4D-C6DA6666E2D7}.Release|x86.ActiveCfg = Release|Any CPU
		{D3807D40-9985-4E2F-8A4D-C6DA6666E2D7}.Release|x86.Build.0 = Release|Any CPU
		{356BD31A-E4AA-4B50-A8CB-EC3DBB2F8A45}.Debug|Any CPU.ActiveCfg = Debug|Any CPU
		{356BD31A-E4AA-4B50-A8CB-EC3DBB2F8A45}.Debug|Any CPU.Build.0 = Debug|Any CPU
		{356BD31A-E4AA-4B50-A8CB-EC3DBB2F8A45}.Debug|x64.ActiveCfg = Debug|Any CPU
		{356BD31A-E4AA-4B50-A8CB-EC3DBB2F8A45}.Debug|x64.Build.0 = Debug|Any CPU
		{356BD31A-E4AA-4B50-A8CB-EC3DBB2F8A45}.Debug|x86.ActiveCfg = Debug|Any CPU
		{356BD31A-E4AA-4B50-A8CB-EC3DBB2F8A45}.Debug|x86.Build.0 = Debug|Any CPU
		{356BD31A-E4AA-4B50-A8CB-EC3DBB2F8A45}.Release|Any CPU.ActiveCfg = Release|Any CPU
		{356BD31A-E4AA-4B50-A8CB-EC3DBB2F8A45}.Release|Any CPU.Build.0 = Release|Any CPU
		{356BD31A-E4AA-4B50-A8CB-EC3DBB2F8A45}.Release|x64.ActiveCfg = Release|Any CPU
		{356BD31A-E4AA-4B50-A8CB-EC3DBB2F8A45}.Release|x64.Build.0 = Release|Any CPU
		{356BD31A-E4AA-4B50-A8CB-EC3DBB2F8A45}.Release|x86.ActiveCfg = Release|Any CPU
		{356BD31A-E4AA-4B50-A8CB-EC3DBB2F8A45}.Release|x86.Build.0 = Release|Any CPU
		{F5E9CFDC-4F13-4F6E-825F-1002A2353FF7}.Debug|Any CPU.ActiveCfg = Debug|Any CPU
		{F5E9CFDC-4F13-4F6E-825F-1002A2353FF7}.Debug|Any CPU.Build.0 = Debug|Any CPU
		{F5E9CFDC-4F13-4F6E-825F-1002A2353FF7}.Debug|x64.ActiveCfg = Debug|Any CPU
		{F5E9CFDC-4F13-4F6E-825F-1002A2353FF7}.Debug|x64.Build.0 = Debug|Any CPU
		{F5E9CFDC-4F13-4F6E-825F-1002A2353FF7}.Debug|x86.ActiveCfg = Debug|Any CPU
		{F5E9CFDC-4F13-4F6E-825F-1002A2353FF7}.Debug|x86.Build.0 = Debug|Any CPU
		{F5E9CFDC-4F13-4F6E-825F-1002A2353FF7}.Release|Any CPU.ActiveCfg = Release|Any CPU
		{F5E9CFDC-4F13-4F6E-825F-1002A2353FF7}.Release|Any CPU.Build.0 = Release|Any CPU
		{F5E9CFDC-4F13-4F6E-825F-1002A2353FF7}.Release|x64.ActiveCfg = Release|Any CPU
		{F5E9CFDC-4F13-4F6E-825F-1002A2353FF7}.Release|x64.Build.0 = Release|Any CPU
		{F5E9CFDC-4F13-4F6E-825F-1002A2353FF7}.Release|x86.ActiveCfg = Release|Any CPU
		{F5E9CFDC-4F13-4F6E-825F-1002A2353FF7}.Release|x86.Build.0 = Release|Any CPU
		{C90F21E7-24ED-470F-8B43-12032A4F10A1}.Debug|Any CPU.ActiveCfg = Debug|Any CPU
		{C90F21E7-24ED-470F-8B43-12032A4F10A1}.Debug|Any CPU.Build.0 = Debug|Any CPU
		{C90F21E7-24ED-470F-8B43-12032A4F10A1}.Debug|x64.ActiveCfg = Debug|Any CPU
		{C90F21E7-24ED-470F-8B43-12032A4F10A1}.Debug|x64.Build.0 = Debug|Any CPU
		{C90F21E7-24ED-470F-8B43-12032A4F10A1}.Debug|x86.ActiveCfg = Debug|Any CPU
		{C90F21E7-24ED-470F-8B43-12032A4F10A1}.Debug|x86.Build.0 = Debug|Any CPU
		{C90F21E7-24ED-470F-8B43-12032A4F10A1}.Release|Any CPU.ActiveCfg = Release|Any CPU
		{C90F21E7-24ED-470F-8B43-12032A4F10A1}.Release|Any CPU.Build.0 = Release|Any CPU
		{C90F21E7-24ED-470F-8B43-12032A4F10A1}.Release|x64.ActiveCfg = Release|Any CPU
		{C90F21E7-24ED-470F-8B43-12032A4F10A1}.Release|x64.Build.0 = Release|Any CPU
		{C90F21E7-24ED-470F-8B43-12032A4F10A1}.Release|x86.ActiveCfg = Release|Any CPU
		{C90F21E7-24ED-470F-8B43-12032A4F10A1}.Release|x86.Build.0 = Release|Any CPU
		{01A174B2-0F55-4C10-9108-213CDCCD75AD}.Debug|Any CPU.ActiveCfg = Debug|Any CPU
		{01A174B2-0F55-4C10-9108-213CDCCD75AD}.Debug|Any CPU.Build.0 = Debug|Any CPU
		{01A174B2-0F55-4C10-9108-213CDCCD75AD}.Debug|x64.ActiveCfg = Debug|Any CPU
		{01A174B2-0F55-4C10-9108-213CDCCD75AD}.Debug|x64.Build.0 = Debug|Any CPU
		{01A174B2-0F55-4C10-9108-213CDCCD75AD}.Debug|x86.ActiveCfg = Debug|Any CPU
		{01A174B2-0F55-4C10-9108-213CDCCD75AD}.Debug|x86.Build.0 = Debug|Any CPU
		{01A174B2-0F55-4C10-9108-213CDCCD75AD}.Release|Any CPU.ActiveCfg = Release|Any CPU
		{01A174B2-0F55-4C10-9108-213CDCCD75AD}.Release|Any CPU.Build.0 = Release|Any CPU
		{01A174B2-0F55-4C10-9108-213CDCCD75AD}.Release|x64.ActiveCfg = Release|Any CPU
		{01A174B2-0F55-4C10-9108-213CDCCD75AD}.Release|x64.Build.0 = Release|Any CPU
		{01A174B2-0F55-4C10-9108-213CDCCD75AD}.Release|x86.ActiveCfg = Release|Any CPU
		{01A174B2-0F55-4C10-9108-213CDCCD75AD}.Release|x86.Build.0 = Release|Any CPU
		{67A944D0-1F45-487C-AE69-F050C63BBDD9}.Debug|Any CPU.ActiveCfg = Debug|Any CPU
		{67A944D0-1F45-487C-AE69-F050C63BBDD9}.Debug|Any CPU.Build.0 = Debug|Any CPU
		{67A944D0-1F45-487C-AE69-F050C63BBDD9}.Debug|x64.ActiveCfg = Debug|Any CPU
		{67A944D0-1F45-487C-AE69-F050C63BBDD9}.Debug|x64.Build.0 = Debug|Any CPU
		{67A944D0-1F45-487C-AE69-F050C63BBDD9}.Debug|x86.ActiveCfg = Debug|Any CPU
		{67A944D0-1F45-487C-AE69-F050C63BBDD9}.Debug|x86.Build.0 = Debug|Any CPU
		{67A944D0-1F45-487C-AE69-F050C63BBDD9}.Release|Any CPU.ActiveCfg = Release|Any CPU
		{67A944D0-1F45-487C-AE69-F050C63BBDD9}.Release|Any CPU.Build.0 = Release|Any CPU
		{67A944D0-1F45-487C-AE69-F050C63BBDD9}.Release|x64.ActiveCfg = Release|Any CPU
		{67A944D0-1F45-487C-AE69-F050C63BBDD9}.Release|x64.Build.0 = Release|Any CPU
		{67A944D0-1F45-487C-AE69-F050C63BBDD9}.Release|x86.ActiveCfg = Release|Any CPU
		{67A944D0-1F45-487C-AE69-F050C63BBDD9}.Release|x86.Build.0 = Release|Any CPU
		{B78549C5-A6E8-4716-A49D-982D4631F027}.Debug|Any CPU.ActiveCfg = Debug|Any CPU
		{B78549C5-A6E8-4716-A49D-982D4631F027}.Debug|Any CPU.Build.0 = Debug|Any CPU
		{B78549C5-A6E8-4716-A49D-982D4631F027}.Debug|x64.ActiveCfg = Debug|Any CPU
		{B78549C5-A6E8-4716-A49D-982D4631F027}.Debug|x64.Build.0 = Debug|Any CPU
		{B78549C5-A6E8-4716-A49D-982D4631F027}.Debug|x86.ActiveCfg = Debug|Any CPU
		{B78549C5-A6E8-4716-A49D-982D4631F027}.Debug|x86.Build.0 = Debug|Any CPU
		{B78549C5-A6E8-4716-A49D-982D4631F027}.Release|Any CPU.ActiveCfg = Release|Any CPU
		{B78549C5-A6E8-4716-A49D-982D4631F027}.Release|Any CPU.Build.0 = Release|Any CPU
		{B78549C5-A6E8-4716-A49D-982D4631F027}.Release|x64.ActiveCfg = Release|Any CPU
		{B78549C5-A6E8-4716-A49D-982D4631F027}.Release|x64.Build.0 = Release|Any CPU
		{B78549C5-A6E8-4716-A49D-982D4631F027}.Release|x86.ActiveCfg = Release|Any CPU
		{B78549C5-A6E8-4716-A49D-982D4631F027}.Release|x86.Build.0 = Release|Any CPU
		{2CA54443-1C0D-4446-B359-427652F67157}.Debug|Any CPU.ActiveCfg = Debug|Any CPU
		{2CA54443-1C0D-4446-B359-427652F67157}.Debug|Any CPU.Build.0 = Debug|Any CPU
		{2CA54443-1C0D-4446-B359-427652F67157}.Debug|x64.ActiveCfg = Debug|Any CPU
		{2CA54443-1C0D-4446-B359-427652F67157}.Debug|x64.Build.0 = Debug|Any CPU
		{2CA54443-1C0D-4446-B359-427652F67157}.Debug|x86.ActiveCfg = Debug|Any CPU
		{2CA54443-1C0D-4446-B359-427652F67157}.Debug|x86.Build.0 = Debug|Any CPU
		{2CA54443-1C0D-4446-B359-427652F67157}.Release|Any CPU.ActiveCfg = Release|Any CPU
		{2CA54443-1C0D-4446-B359-427652F67157}.Release|Any CPU.Build.0 = Release|Any CPU
		{2CA54443-1C0D-4446-B359-427652F67157}.Release|x64.ActiveCfg = Release|Any CPU
		{2CA54443-1C0D-4446-B359-427652F67157}.Release|x64.Build.0 = Release|Any CPU
		{2CA54443-1C0D-4446-B359-427652F67157}.Release|x86.ActiveCfg = Release|Any CPU
		{2CA54443-1C0D-4446-B359-427652F67157}.Release|x86.Build.0 = Release|Any CPU
	EndGlobalSection
	GlobalSection(SolutionProperties) = preSolution
		HideSolutionNode = FALSE
	EndGlobalSection
	GlobalSection(NestedProjects) = preSolution
		{9088B2BF-3AF7-45AC-86E0-257CF7F0C7E1} = {827E0CD3-B72D-47B6-A68D-7590B98EB39B}
		{4DC618D2-599D-42E1-85A1-CF3D47677BE2} = {827E0CD3-B72D-47B6-A68D-7590B98EB39B}
		{EC447DCF-ABFA-6E24-52A5-D7FD48A5C558} = {827E0CD3-B72D-47B6-A68D-7590B98EB39B}
		{D3807D40-9985-4E2F-8A4D-C6DA6666E2D7} = {EC447DCF-ABFA-6E24-52A5-D7FD48A5C558}
		{356BD31A-E4AA-4B50-A8CB-EC3DBB2F8A45} = {EC447DCF-ABFA-6E24-52A5-D7FD48A5C558}
		{F5E9CFDC-4F13-4F6E-825F-1002A2353FF7} = {EC447DCF-ABFA-6E24-52A5-D7FD48A5C558}
		{C90F21E7-24ED-470F-8B43-12032A4F10A1} = {EC447DCF-ABFA-6E24-52A5-D7FD48A5C558}
		{01A174B2-0F55-4C10-9108-213CDCCD75AD} = {0AB3BF05-4346-4AA6-1389-037BE0695223}
		{67A944D0-1F45-487C-AE69-F050C63BBDD9} = {0AB3BF05-4346-4AA6-1389-037BE0695223}
		{B78549C5-A6E8-4716-A49D-982D4631F027} = {0AB3BF05-4346-4AA6-1389-037BE0695223}
		{2CA54443-1C0D-4446-B359-427652F67157} = {0AB3BF05-4346-4AA6-1389-037BE0695223}
	EndGlobalSection
EndGlobal
